
Microsoft Visual Studio Solution File, Format Version 12.00
# Visual Studio Version 16
VisualStudioVersion = 16.0.29418.71
MinimumVisualStudioVersion = 10.0.40219.1
Project("{FAE04EC0-301F-11D3-BF4B-00C04F79EFBC}") = "Task2", "Task2\Task2.csproj", "{F616F177-7B0C-4AAF-B372-DC390A862321}"
EndProject
Global
	GlobalSection(SolutionConfigurationPlatforms) = preSolution
		Debug|Any CPU = Debug|Any CPU
		Release|Any CPU = Release|Any CPU
	EndGlobalSection
	GlobalSection(ProjectConfigurationPlatforms) = postSolution
		{F616F177-7B0C-4AAF-B372-DC390A862321}.Debug|Any CPU.ActiveCfg = Debug|Any CPU
		{F616F177-7B0C-4AAF-B372-DC390A862321}.Debug|Any CPU.Build.0 = Debug|Any CPU
		{F616F177-7B0C-4AAF-B372-DC390A862321}.Release|Any CPU.ActiveCfg = Release|Any CPU
		{F616F177-7B0C-4AAF-B372-DC390A862321}.Release|Any CPU.Build.0 = Release|Any CPU
	EndGlobalSection
	GlobalSection(SolutionProperties) = preSolution
		HideSolutionNode = FALSE
	EndGlobalSection
	GlobalSection(ExtensibilityGlobals) = postSolution
		SolutionGuid = {449676F1-0F73-4180-A8EC-ECF1475462E4}
	EndGlobalSection
EndGlobal
